
Microsoft Visual Studio Solution File, Format Version 12.00
Project("{FAE04EC0-301F-11D3-BF4B-00C04F79EFBC}") = "WeatherCache", "WeatherCache.csproj", "{83AF5AA7-E62B-4D42-AD4A-0D33067764F1}"
EndProject
Global
	GlobalSection(SolutionConfigurationPlatforms) = preSolution
		Debug|Any CPU = Debug|Any CPU
		Release|Any CPU = Release|Any CPU
	EndGlobalSection
	GlobalSection(ProjectConfigurationPlatforms) = postSolution
		{83AF5AA7-E62B-4D42-AD4A-0D33067764F1}.Debug|Any CPU.ActiveCfg = Debug|Any CPU
		{83AF5AA7-E62B-4D42-AD4A-0D33067764F1}.Debug|Any CPU.Build.0 = Debug|Any CPU
		{83AF5AA7-E62B-4D42-AD4A-0D33067764F1}.Release|Any CPU.ActiveCfg = Release|Any CPU
		{83AF5AA7-E62B-4D42-AD4A-0D33067764F1}.Release|Any CPU.Build.0 = Release|Any CPU
	EndGlobalSection
EndGlobal
